// !$*UTF8*$!
{
	archiveVersion = 1;
	classes = {
	};
	objectVersion = 55;
	objects = {

/* Begin PBXBuildFile section */
		846E6D5428A619F800D84D65 /* SignUpViewController.swift in Sources */ = {isa = PBXBuildFile; fileRef = 846E6D5328A619F800D84D65 /* SignUpViewController.swift */; };
		846E6D5928A61F3000D84D65 /* OneLineTextField.swift in Sources */ = {isa = PBXBuildFile; fileRef = 846E6D5828A61F3000D84D65 /* OneLineTextField.swift */; };
		846E6D5B28A6206500D84D65 /* UIColor+Extension.swift in Sources */ = {isa = PBXBuildFile; fileRef = 846E6D5A28A6206500D84D65 /* UIColor+Extension.swift */; };
		846E6D5E28A649A500D84D65 /* NetworkService.swift in Sources */ = {isa = PBXBuildFile; fileRef = 846E6D5D28A649A500D84D65 /* NetworkService.swift */; };
		846E6D6028A64B1500D84D65 /* API.swift in Sources */ = {isa = PBXBuildFile; fileRef = 846E6D5F28A64B1500D84D65 /* API.swift */; };
		846E6D6628A659BF00D84D65 /* LeaguesResponse.swift in Sources */ = {isa = PBXBuildFile; fileRef = 846E6D6528A659BF00D84D65 /* LeaguesResponse.swift */; };
		846E6D6828A65D2600D84D65 /* NetworkDataFetcher.swift in Sources */ = {isa = PBXBuildFile; fileRef = 846E6D6728A65D2600D84D65 /* NetworkDataFetcher.swift */; };
		84AB2A0828A2999E0098365F /* AppDelegate.swift in Sources */ = {isa = PBXBuildFile; fileRef = 84AB2A0728A2999E0098365F /* AppDelegate.swift */; };
		84AB2A0A28A2999E0098365F /* SceneDelegate.swift in Sources */ = {isa = PBXBuildFile; fileRef = 84AB2A0928A2999E0098365F /* SceneDelegate.swift */; };
		84AB2A0C28A2999E0098365F /* AuthViewController.swift in Sources */ = {isa = PBXBuildFile; fileRef = 84AB2A0B28A2999E0098365F /* AuthViewController.swift */; };
		84AB2A1128A299A00098365F /* Assets.xcassets in Resources */ = {isa = PBXBuildFile; fileRef = 84AB2A1028A299A00098365F /* Assets.xcassets */; };
		84AB2A1428A299A00098365F /* LaunchScreen.storyboard in Resources */ = {isa = PBXBuildFile; fileRef = 84AB2A1228A299A00098365F /* LaunchScreen.storyboard */; };
		84AB2A1C28A299EB0098365F /* .gitignore in Resources */ = {isa = PBXBuildFile; fileRef = 84AB2A1B28A299EB0098365F /* .gitignore */; };
		84AB2A2428A2DE0C0098365F /* UIButton+Extension.swift in Sources */ = {isa = PBXBuildFile; fileRef = 84AB2A2328A2DE0C0098365F /* UIButton+Extension.swift */; };
		84AB2A2728A2E15C0098365F /* UIFont+Extension.swift in Sources */ = {isa = PBXBuildFile; fileRef = 84AB2A2628A2E15C0098365F /* UIFont+Extension.swift */; };
		84AB2A2928A2ECBC0098365F /* UILabel+Extension.swift in Sources */ = {isa = PBXBuildFile; fileRef = 84AB2A2828A2ECBC0098365F /* UILabel+Extension.swift */; };
		84AB2A2B28A2EFD30098365F /* UIImageView+Extension.swift in Sources */ = {isa = PBXBuildFile; fileRef = 84AB2A2A28A2EFD30098365F /* UIImageView+Extension.swift */; };
		84AB2A2D28A2F2EB0098365F /* ButtonFormView.swift in Sources */ = {isa = PBXBuildFile; fileRef = 84AB2A2C28A2F2EB0098365F /* ButtonFormView.swift */; };
		84AB2A2F28A2FB930098365F /* StackView+Extension.swift in Sources */ = {isa = PBXBuildFile; fileRef = 84AB2A2E28A2FB930098365F /* StackView+Extension.swift */; };
		CC79139328B53ABE0051C876 /* LeaguesListPresenter.swift in Sources */ = {isa = PBXBuildFile; fileRef = CC79138C28B53ABE0051C876 /* LeaguesListPresenter.swift */; };
		CC79139428B53ABE0051C876 /* LeaguesListWorker.swift in Sources */ = {isa = PBXBuildFile; fileRef = CC79138D28B53ABE0051C876 /* LeaguesListWorker.swift */; };
		CC79139528B53ABE0051C876 /* LeaguesListRouter.swift in Sources */ = {isa = PBXBuildFile; fileRef = CC79138E28B53ABE0051C876 /* LeaguesListRouter.swift */; };
		CC79139628B53ABE0051C876 /* LeaguesListModels.swift in Sources */ = {isa = PBXBuildFile; fileRef = CC79138F28B53ABE0051C876 /* LeaguesListModels.swift */; };
		CC79139728B53ABE0051C876 /* LeaguesListViewController.swift in Sources */ = {isa = PBXBuildFile; fileRef = CC79139028B53ABE0051C876 /* LeaguesListViewController.swift */; };
		CC79139828B53ABE0051C876 /* LeaguesListInteractor.swift in Sources */ = {isa = PBXBuildFile; fileRef = CC79139128B53ABE0051C876 /* LeaguesListInteractor.swift */; };
		CC79139928B53ABE0051C876 /* LeaguesListViewController.xib in Resources */ = {isa = PBXBuildFile; fileRef = CC79139228B53ABE0051C876 /* LeaguesListViewController.xib */; };
		CC79139B28B5ECCB0051C876 /* LeaguesCodeCell.swift in Sources */ = {isa = PBXBuildFile; fileRef = CC79139A28B5ECCB0051C876 /* LeaguesCodeCell.swift */; };
		CC79139E28B61DF30051C876 /* WebImageView.swift in Sources */ = {isa = PBXBuildFile; fileRef = CC79139D28B61DF30051C876 /* WebImageView.swift */; };
/* End PBXBuildFile section */

/* Begin PBXFileReference section */
		846E6D5328A619F800D84D65 /* SignUpViewController.swift */ = {isa = PBXFileReference; lastKnownFileType = sourcecode.swift; path = SignUpViewController.swift; sourceTree = "<group>"; };
		846E6D5828A61F3000D84D65 /* OneLineTextField.swift */ = {isa = PBXFileReference; lastKnownFileType = sourcecode.swift; path = OneLineTextField.swift; sourceTree = "<group>"; };
		846E6D5A28A6206500D84D65 /* UIColor+Extension.swift */ = {isa = PBXFileReference; lastKnownFileType = sourcecode.swift; path = "UIColor+Extension.swift"; sourceTree = "<group>"; };
		846E6D5D28A649A500D84D65 /* NetworkService.swift */ = {isa = PBXFileReference; lastKnownFileType = sourcecode.swift; path = NetworkService.swift; sourceTree = "<group>"; };
		846E6D5F28A64B1500D84D65 /* API.swift */ = {isa = PBXFileReference; lastKnownFileType = sourcecode.swift; path = API.swift; sourceTree = "<group>"; };
		846E6D6528A659BF00D84D65 /* LeaguesResponse.swift */ = {isa = PBXFileReference; lastKnownFileType = sourcecode.swift; path = LeaguesResponse.swift; sourceTree = "<group>"; };
		846E6D6728A65D2600D84D65 /* NetworkDataFetcher.swift */ = {isa = PBXFileReference; lastKnownFileType = sourcecode.swift; path = NetworkDataFetcher.swift; sourceTree = "<group>"; };
		84AB2A0428A2999E0098365F /* FootballLeagueDemo.app */ = {isa = PBXFileReference; explicitFileType = wrapper.application; includeInIndex = 0; path = FootballLeagueDemo.app; sourceTree = BUILT_PRODUCTS_DIR; };
		84AB2A0728A2999E0098365F /* AppDelegate.swift */ = {isa = PBXFileReference; lastKnownFileType = sourcecode.swift; path = AppDelegate.swift; sourceTree = "<group>"; };
		84AB2A0928A2999E0098365F /* SceneDelegate.swift */ = {isa = PBXFileReference; lastKnownFileType = sourcecode.swift; path = SceneDelegate.swift; sourceTree = "<group>"; };
		84AB2A0B28A2999E0098365F /* AuthViewController.swift */ = {isa = PBXFileReference; lastKnownFileType = sourcecode.swift; path = AuthViewController.swift; sourceTree = "<group>"; };
		84AB2A1028A299A00098365F /* Assets.xcassets */ = {isa = PBXFileReference; lastKnownFileType = folder.assetcatalog; path = Assets.xcassets; sourceTree = "<group>"; };
		84AB2A1328A299A00098365F /* Base */ = {isa = PBXFileReference; lastKnownFileType = file.storyboard; name = Base; path = Base.lproj/LaunchScreen.storyboard; sourceTree = "<group>"; };
		84AB2A1528A299A00098365F /* Info.plist */ = {isa = PBXFileReference; lastKnownFileType = text.plist.xml; name = Info.plist; path = FootballLeagueDemo/Resources/Info.plist; sourceTree = SOURCE_ROOT; };
		84AB2A1B28A299EB0098365F /* .gitignore */ = {isa = PBXFileReference; lastKnownFileType = text; path = .gitignore; sourceTree = "<group>"; };
		84AB2A2328A2DE0C0098365F /* UIButton+Extension.swift */ = {isa = PBXFileReference; lastKnownFileType = sourcecode.swift; path = "UIButton+Extension.swift"; sourceTree = "<group>"; };
		84AB2A2628A2E15C0098365F /* UIFont+Extension.swift */ = {isa = PBXFileReference; lastKnownFileType = sourcecode.swift; path = "UIFont+Extension.swift"; sourceTree = "<group>"; };
		84AB2A2828A2ECBC0098365F /* UILabel+Extension.swift */ = {isa = PBXFileReference; lastKnownFileType = sourcecode.swift; path = "UILabel+Extension.swift"; sourceTree = "<group>"; };
		84AB2A2A28A2EFD30098365F /* UIImageView+Extension.swift */ = {isa = PBXFileReference; lastKnownFileType = sourcecode.swift; path = "UIImageView+Extension.swift"; sourceTree = "<group>"; };
		84AB2A2C28A2F2EB0098365F /* ButtonFormView.swift */ = {isa = PBXFileReference; lastKnownFileType = sourcecode.swift; path = ButtonFormView.swift; sourceTree = "<group>"; };
		84AB2A2E28A2FB930098365F /* StackView+Extension.swift */ = {isa = PBXFileReference; lastKnownFileType = sourcecode.swift; path = "StackView+Extension.swift"; sourceTree = "<group>"; };
		CC79138C28B53ABE0051C876 /* LeaguesListPresenter.swift */ = {isa = PBXFileReference; lastKnownFileType = sourcecode.swift; path = LeaguesListPresenter.swift; sourceTree = "<group>"; };
		CC79138D28B53ABE0051C876 /* LeaguesListWorker.swift */ = {isa = PBXFileReference; lastKnownFileType = sourcecode.swift; path = LeaguesListWorker.swift; sourceTree = "<group>"; };
		CC79138E28B53ABE0051C876 /* LeaguesListRouter.swift */ = {isa = PBXFileReference; lastKnownFileType = sourcecode.swift; path = LeaguesListRouter.swift; sourceTree = "<group>"; };
		CC79138F28B53ABE0051C876 /* LeaguesListModels.swift */ = {isa = PBXFileReference; lastKnownFileType = sourcecode.swift; path = LeaguesListModels.swift; sourceTree = "<group>"; };
		CC79139028B53ABE0051C876 /* LeaguesListViewController.swift */ = {isa = PBXFileReference; lastKnownFileType = sourcecode.swift; path = LeaguesListViewController.swift; sourceTree = "<group>"; };
		CC79139128B53ABE0051C876 /* LeaguesListInteractor.swift */ = {isa = PBXFileReference; lastKnownFileType = sourcecode.swift; path = LeaguesListInteractor.swift; sourceTree = "<group>"; };
		CC79139228B53ABE0051C876 /* LeaguesListViewController.xib */ = {isa = PBXFileReference; lastKnownFileType = file.xib; path = LeaguesListViewController.xib; sourceTree = "<group>"; };
		CC79139A28B5ECCB0051C876 /* LeaguesCodeCell.swift */ = {isa = PBXFileReference; lastKnownFileType = sourcecode.swift; path = LeaguesCodeCell.swift; sourceTree = "<group>"; };
		CC79139D28B61DF30051C876 /* WebImageView.swift */ = {isa = PBXFileReference; lastKnownFileType = sourcecode.swift; path = WebImageView.swift; sourceTree = "<group>"; };
/* End PBXFileReference section */

/* Begin PBXFrameworksBuildPhase section */
		84AB2A0128A2999E0098365F /* Frameworks */ = {
			isa = PBXFrameworksBuildPhase;
			buildActionMask = 2147483647;
			files = (
			);
			runOnlyForDeploymentPostprocessing = 0;
		};
/* End PBXFrameworksBuildPhase section */

/* Begin PBXGroup section */
		846E6D5528A61A0C00D84D65 /* SignUp */ = {
			isa = PBXGroup;
			children = (
				846E6D5328A619F800D84D65 /* SignUpViewController.swift */,
			);
			path = SignUp;
			sourceTree = "<group>";
		};
		846E6D5628A61E6A00D84D65 /* Classes */ = {
			isa = PBXGroup;
			children = (
				846E6D6128A64E0700D84D65 /* LeaguesList */,
				846E6D5528A61A0C00D84D65 /* SignUp */,
				84AB2A2128A2BBAD0098365F /* Authorization */,
			);
			path = Classes;
			sourceTree = "<group>";
		};
		846E6D5728A61EFB00D84D65 /* CustomControls */ = {
			isa = PBXGroup;
			children = (
				846E6D5828A61F3000D84D65 /* OneLineTextField.swift */,
			);
			path = CustomControls;
			sourceTree = "<group>";
		};
		846E6D5C28A6477F00D84D65 /* Services */ = {
			isa = PBXGroup;
			children = (
				846E6D6428A6597F00D84D65 /* Models */,
				846E6D5D28A649A500D84D65 /* NetworkService.swift */,
				846E6D5F28A64B1500D84D65 /* API.swift */,
				846E6D6728A65D2600D84D65 /* NetworkDataFetcher.swift */,
			);
			path = Services;
			sourceTree = "<group>";
		};
		846E6D6128A64E0700D84D65 /* LeaguesList */ = {
			isa = PBXGroup;
			children = (
				CC79139228B53ABE0051C876 /* LeaguesListViewController.xib */,
				CC79139A28B5ECCB0051C876 /* LeaguesCodeCell.swift */,
				CC79139028B53ABE0051C876 /* LeaguesListViewController.swift */,
				CC79139128B53ABE0051C876 /* LeaguesListInteractor.swift */,
				CC79138C28B53ABE0051C876 /* LeaguesListPresenter.swift */,
				CC79138D28B53ABE0051C876 /* LeaguesListWorker.swift */,
				CC79138E28B53ABE0051C876 /* LeaguesListRouter.swift */,
				CC79138F28B53ABE0051C876 /* LeaguesListModels.swift */,
			);
			path = LeaguesList;
			sourceTree = "<group>";
		};
		846E6D6428A6597F00D84D65 /* Models */ = {
			isa = PBXGroup;
			children = (
				846E6D6528A659BF00D84D65 /* LeaguesResponse.swift */,
			);
			path = Models;
			sourceTree = "<group>";
		};
		84AB29FB28A2999E0098365F = {
			isa = PBXGroup;
			children = (
				84AB2A1B28A299EB0098365F /* .gitignore */,
				84AB2A0628A2999E0098365F /* FootballLeagueDemo */,
				84AB2A0528A2999E0098365F /* Products */,
			);
			sourceTree = "<group>";
		};
		84AB2A0528A2999E0098365F /* Products */ = {
			isa = PBXGroup;
			children = (
				84AB2A0428A2999E0098365F /* FootballLeagueDemo.app */,
			);
			name = Products;
			sourceTree = "<group>";
		};
		84AB2A0628A2999E0098365F /* FootballLeagueDemo */ = {
			isa = PBXGroup;
			children = (
				846E6D5C28A6477F00D84D65 /* Services */,
				846E6D5628A61E6A00D84D65 /* Classes */,
				84AB2A3028A2FCA90098365F /* View */,
				84AB2A2228A2DD400098365F /* Helpers */,
				84AB2A1E28A2B2CC0098365F /* App */,
				84AB2A1D28A2AECA0098365F /* Resources */,
			);
			path = FootballLeagueDemo;
			sourceTree = "<group>";
		};
		84AB2A1D28A2AECA0098365F /* Resources */ = {
			isa = PBXGroup;
			children = (
				84AB2A1528A299A00098365F /* Info.plist */,
				84AB2A1028A299A00098365F /* Assets.xcassets */,
			);
			path = Resources;
			sourceTree = "<group>";
		};
		84AB2A1E28A2B2CC0098365F /* App */ = {
			isa = PBXGroup;
			children = (
				84AB2A1F28A2B3F40098365F /* Controller */,
				84AB2A2028A2B4080098365F /* View */,
			);
			path = App;
			sourceTree = "<group>";
		};
		84AB2A1F28A2B3F40098365F /* Controller */ = {
			isa = PBXGroup;
			children = (
				84AB2A0728A2999E0098365F /* AppDelegate.swift */,
				84AB2A0928A2999E0098365F /* SceneDelegate.swift */,
			);
			path = Controller;
			sourceTree = "<group>";
		};
		84AB2A2028A2B4080098365F /* View */ = {
			isa = PBXGroup;
			children = (
				84AB2A1228A299A00098365F /* LaunchScreen.storyboard */,
			);
			path = View;
			sourceTree = "<group>";
		};
		84AB2A2128A2BBAD0098365F /* Authorization */ = {
			isa = PBXGroup;
			children = (
				84AB2A0B28A2999E0098365F /* AuthViewController.swift */,
			);
			path = Authorization;
			sourceTree = "<group>";
		};
		84AB2A2228A2DD400098365F /* Helpers */ = {
			isa = PBXGroup;
			children = (
				84AB2A2528A2DEE70098365F /* Extensions */,
			);
			path = Helpers;
			sourceTree = "<group>";
		};
		84AB2A2528A2DEE70098365F /* Extensions */ = {
			isa = PBXGroup;
			children = (
				84AB2A2328A2DE0C0098365F /* UIButton+Extension.swift */,
				84AB2A2628A2E15C0098365F /* UIFont+Extension.swift */,
				84AB2A2828A2ECBC0098365F /* UILabel+Extension.swift */,
				84AB2A2A28A2EFD30098365F /* UIImageView+Extension.swift */,
				84AB2A2E28A2FB930098365F /* StackView+Extension.swift */,
				846E6D5A28A6206500D84D65 /* UIColor+Extension.swift */,
			);
			path = Extensions;
			sourceTree = "<group>";
		};
		84AB2A3028A2FCA90098365F /* View */ = {
			isa = PBXGroup;
			children = (
				CC79139C28B61DDC0051C876 /* WebImageView */,
				846E6D5728A61EFB00D84D65 /* CustomControls */,
				84AB2A2C28A2F2EB0098365F /* ButtonFormView.swift */,
			);
			path = View;
			sourceTree = "<group>";
		};
		CC79139C28B61DDC0051C876 /* WebImageView */ = {
			isa = PBXGroup;
			children = (
				CC79139D28B61DF30051C876 /* WebImageView.swift */,
			);
			path = WebImageView;
			sourceTree = "<group>";
		};
/* End PBXGroup section */

/* Begin PBXNativeTarget section */
		84AB2A0328A2999E0098365F /* FootballLeagueDemo */ = {
			isa = PBXNativeTarget;
			buildConfigurationList = 84AB2A1828A299A00098365F /* Build configuration list for PBXNativeTarget "FootballLeagueDemo" */;
			buildPhases = (
				84AB2A0028A2999E0098365F /* Sources */,
				84AB2A0128A2999E0098365F /* Frameworks */,
				84AB2A0228A2999E0098365F /* Resources */,
			);
			buildRules = (
			);
			dependencies = (
			);
			name = FootballLeagueDemo;
			productName = FootballLeagueDemo;
			productReference = 84AB2A0428A2999E0098365F /* FootballLeagueDemo.app */;
			productType = "com.apple.product-type.application";
		};
/* End PBXNativeTarget section */

/* Begin PBXProject section */
		84AB29FC28A2999E0098365F /* Project object */ = {
			isa = PBXProject;
			attributes = {
				BuildIndependentTargetsInParallel = 1;
				LastSwiftUpdateCheck = 1320;
				LastUpgradeCheck = 1320;
				TargetAttributes = {
					84AB2A0328A2999E0098365F = {
						CreatedOnToolsVersion = 13.2.1;
					};
				};
			};
			buildConfigurationList = 84AB29FF28A2999E0098365F /* Build configuration list for PBXProject "FootballLeagueDemo" */;
			compatibilityVersion = "Xcode 13.0";
			developmentRegion = en;
			hasScannedForEncodings = 0;
			knownRegions = (
				en,
				Base,
			);
			mainGroup = 84AB29FB28A2999E0098365F;
			productRefGroup = 84AB2A0528A2999E0098365F /* Products */;
			projectDirPath = "";
			projectRoot = "";
			targets = (
				84AB2A0328A2999E0098365F /* FootballLeagueDemo */,
			);
		};
/* End PBXProject section */

/* Begin PBXResourcesBuildPhase section */
		84AB2A0228A2999E0098365F /* Resources */ = {
			isa = PBXResourcesBuildPhase;
			buildActionMask = 2147483647;
			files = (
				84AB2A1C28A299EB0098365F /* .gitignore in Resources */,
				84AB2A1428A299A00098365F /* LaunchScreen.storyboard in Resources */,
				84AB2A1128A299A00098365F /* Assets.xcassets in Resources */,
				CC79139928B53ABE0051C876 /* LeaguesListViewController.xib in Resources */,
			);
			runOnlyForDeploymentPostprocessing = 0;
		};
/* End PBXResourcesBuildPhase section */

/* Begin PBXSourcesBuildPhase section */
		84AB2A0028A2999E0098365F /* Sources */ = {
			isa = PBXSourcesBuildPhase;
			buildActionMask = 2147483647;
			files = (
				84AB2A0C28A2999E0098365F /* AuthViewController.swift in Sources */,
				CC79139E28B61DF30051C876 /* WebImageView.swift in Sources */,
				84AB2A2428A2DE0C0098365F /* UIButton+Extension.swift in Sources */,
				CC79139528B53ABE0051C876 /* LeaguesListRouter.swift in Sources */,
				84AB2A2F28A2FB930098365F /* StackView+Extension.swift in Sources */,
				CC79139628B53ABE0051C876 /* LeaguesListModels.swift in Sources */,
				846E6D5B28A6206500D84D65 /* UIColor+Extension.swift in Sources */,
				CC79139428B53ABE0051C876 /* LeaguesListWorker.swift in Sources */,
				84AB2A2D28A2F2EB0098365F /* ButtonFormView.swift in Sources */,
				CC79139328B53ABE0051C876 /* LeaguesListPresenter.swift in Sources */,
				846E6D6628A659BF00D84D65 /* LeaguesResponse.swift in Sources */,
				846E6D5428A619F800D84D65 /* SignUpViewController.swift in Sources */,
				CC79139828B53ABE0051C876 /* LeaguesListInteractor.swift in Sources */,
				CC79139B28B5ECCB0051C876 /* LeaguesCodeCell.swift in Sources */,
				846E6D6028A64B1500D84D65 /* API.swift in Sources */,
				CC79139728B53ABE0051C876 /* LeaguesListViewController.swift in Sources */,
				846E6D6828A65D2600D84D65 /* NetworkDataFetcher.swift in Sources */,
				84AB2A2B28A2EFD30098365F /* UIImageView+Extension.swift in Sources */,
				846E6D5928A61F3000D84D65 /* OneLineTextField.swift in Sources */,
				84AB2A2928A2ECBC0098365F /* UILabel+Extension.swift in Sources */,
				84AB2A0828A2999E0098365F /* AppDelegate.swift in Sources */,
				84AB2A2728A2E15C0098365F /* UIFont+Extension.swift in Sources */,
				846E6D5E28A649A500D84D65 /* NetworkService.swift in Sources */,
				84AB2A0A28A2999E0098365F /* SceneDelegate.swift in Sources */,
			);
			runOnlyForDeploymentPostprocessing = 0;
		};
/* End PBXSourcesBuildPhase section */

/* Begin PBXVariantGroup section */
		84AB2A1228A299A00098365F /* LaunchScreen.storyboard */ = {
			isa = PBXVariantGroup;
			children = (
				84AB2A1328A299A00098365F /* Base */,
			);
			name = LaunchScreen.storyboard;
			sourceTree = "<group>";
		};
/* End PBXVariantGroup section */

/* Begin XCBuildConfiguration section */
		84AB2A1628A299A00098365F /* Debug */ = {
			isa = XCBuildConfiguration;
			buildSettings = {
				ALWAYS_SEARCH_USER_PATHS = NO;
				CLANG_ANALYZER_NONNULL = YES;
				CLANG_ANALYZER_NUMBER_OBJECT_CONVERSION = YES_AGGRESSIVE;
				CLANG_CXX_LANGUAGE_STANDARD = "gnu++17";
				CLANG_CXX_LIBRARY = "libc++";
				CLANG_ENABLE_MODULES = YES;
				CLANG_ENABLE_OBJC_ARC = YES;
				CLANG_ENABLE_OBJC_WEAK = YES;
				CLANG_WARN_BLOCK_CAPTURE_AUTORELEASING = YES;
				CLANG_WARN_BOOL_CONVERSION = YES;
				CLANG_WARN_COMMA = YES;
				CLANG_WARN_CONSTANT_CONVERSION = YES;
				CLANG_WARN_DEPRECATED_OBJC_IMPLEMENTATIONS = YES;
				CLANG_WARN_DIRECT_OBJC_ISA_USAGE = YES_ERROR;
				CLANG_WARN_DOCUMENTATION_COMMENTS = YES;
				CLANG_WARN_EMPTY_BODY = YES;
				CLANG_WARN_ENUM_CONVERSION = YES;
				CLANG_WARN_INFINITE_RECURSION = YES;
				CLANG_WARN_INT_CONVERSION = YES;
				CLANG_WARN_NON_LITERAL_NULL_CONVERSION = YES;
				CLANG_WARN_OBJC_IMPLICIT_RETAIN_SELF = YES;
				CLANG_WARN_OBJC_LITERAL_CONVERSION = YES;
				CLANG_WARN_OBJC_ROOT_CLASS = YES_ERROR;
				CLANG_WARN_QUOTED_INCLUDE_IN_FRAMEWORK_HEADER = YES;
				CLANG_WARN_RANGE_LOOP_ANALYSIS = YES;
				CLANG_WARN_STRICT_PROTOTYPES = YES;
				CLANG_WARN_SUSPICIOUS_MOVE = YES;
				CLANG_WARN_UNGUARDED_AVAILABILITY = YES_AGGRESSIVE;
				CLANG_WARN_UNREACHABLE_CODE = YES;
				CLANG_WARN__DUPLICATE_METHOD_MATCH = YES;
				COPY_PHASE_STRIP = NO;
				DEBUG_INFORMATION_FORMAT = dwarf;
				ENABLE_STRICT_OBJC_MSGSEND = YES;
				ENABLE_TESTABILITY = YES;
				GCC_C_LANGUAGE_STANDARD = gnu11;
				GCC_DYNAMIC_NO_PIC = NO;
				GCC_NO_COMMON_BLOCKS = YES;
				GCC_OPTIMIZATION_LEVEL = 0;
				GCC_PREPROCESSOR_DEFINITIONS = (
					"DEBUG=1",
					"$(inherited)",
				);
				GCC_WARN_64_TO_32_BIT_CONVERSION = YES;
				GCC_WARN_ABOUT_RETURN_TYPE = YES_ERROR;
				GCC_WARN_UNDECLARED_SELECTOR = YES;
				GCC_WARN_UNINITIALIZED_AUTOS = YES_AGGRESSIVE;
				GCC_WARN_UNUSED_FUNCTION = YES;
				GCC_WARN_UNUSED_VARIABLE = YES;
				IPHONEOS_DEPLOYMENT_TARGET = 13.0;
				MTL_ENABLE_DEBUG_INFO = INCLUDE_SOURCE;
				MTL_FAST_MATH = YES;
				ONLY_ACTIVE_ARCH = YES;
				SDKROOT = iphoneos;
				SWIFT_ACTIVE_COMPILATION_CONDITIONS = DEBUG;
				SWIFT_OPTIMIZATION_LEVEL = "-Onone";
			};
			name = Debug;
		};
		84AB2A1728A299A00098365F /* Release */ = {
			isa = XCBuildConfiguration;
			buildSettings = {
				ALWAYS_SEARCH_USER_PATHS = NO;
				CLANG_ANALYZER_NONNULL = YES;
				CLANG_ANALYZER_NUMBER_OBJECT_CONVERSION = YES_AGGRESSIVE;
				CLANG_CXX_LANGUAGE_STANDARD = "gnu++17";
				CLANG_CXX_LIBRARY = "libc++";
				CLANG_ENABLE_MODULES = YES;
				CLANG_ENABLE_OBJC_ARC = YES;
				CLANG_ENABLE_OBJC_WEAK = YES;
				CLANG_WARN_BLOCK_CAPTURE_AUTORELEASING = YES;
				CLANG_WARN_BOOL_CONVERSION = YES;
				CLANG_WARN_COMMA = YES;
				CLANG_WARN_CONSTANT_CONVERSION = YES;
				CLANG_WARN_DEPRECATED_OBJC_IMPLEMENTATIONS = YES;
				CLANG_WARN_DIRECT_OBJC_ISA_USAGE = YES_ERROR;
				CLANG_WARN_DOCUMENTATION_COMMENTS = YES;
				CLANG_WARN_EMPTY_BODY = YES;
				CLANG_WARN_ENUM_CONVERSION = YES;
				CLANG_WARN_INFINITE_RECURSION = YES;
				CLANG_WARN_INT_CONVERSION = YES;
				CLANG_WARN_NON_LITERAL_NULL_CONVERSION = YES;
				CLANG_WARN_OBJC_IMPLICIT_RETAIN_SELF = YES;
				CLANG_WARN_OBJC_LITERAL_CONVERSION = YES;
				CLANG_WARN_OBJC_ROOT_CLASS = YES_ERROR;
				CLANG_WARN_QUOTED_INCLUDE_IN_FRAMEWORK_HEADER = YES;
				CLANG_WARN_RANGE_LOOP_ANALYSIS = YES;
				CLANG_WARN_STRICT_PROTOTYPES = YES;
				CLANG_WARN_SUSPICIOUS_MOVE = YES;
				CLANG_WARN_UNGUARDED_AVAILABILITY = YES_AGGRESSIVE;
				CLANG_WARN_UNREACHABLE_CODE = YES;
				CLANG_WARN__DUPLICATE_METHOD_MATCH = YES;
				COPY_PHASE_STRIP = NO;
				DEBUG_INFORMATION_FORMAT = "dwarf-with-dsym";
				ENABLE_NS_ASSERTIONS = NO;
				ENABLE_STRICT_OBJC_MSGSEND = YES;
				GCC_C_LANGUAGE_STANDARD = gnu11;
				GCC_NO_COMMON_BLOCKS = YES;
				GCC_WARN_64_TO_32_BIT_CONVERSION = YES;
				GCC_WARN_ABOUT_RETURN_TYPE = YES_ERROR;
				GCC_WARN_UNDECLARED_SELECTOR = YES;
				GCC_WARN_UNINITIALIZED_AUTOS = YES_AGGRESSIVE;
				GCC_WARN_UNUSED_FUNCTION = YES;
				GCC_WARN_UNUSED_VARIABLE = YES;
				IPHONEOS_DEPLOYMENT_TARGET = 13.0;
				MTL_ENABLE_DEBUG_INFO = NO;
				MTL_FAST_MATH = YES;
				SDKROOT = iphoneos;
				SWIFT_COMPILATION_MODE = wholemodule;
				SWIFT_OPTIMIZATION_LEVEL = "-O";
				VALIDATE_PRODUCT = YES;
			};
			name = Release;
		};
		84AB2A1928A299A00098365F /* Debug */ = {
			isa = XCBuildConfiguration;
			buildSettings = {
				ASSETCATALOG_COMPILER_APPICON_NAME = AppIcon;
				ASSETCATALOG_COMPILER_GLOBAL_ACCENT_COLOR_NAME = AccentColor;
				CODE_SIGN_STYLE = Automatic;
				CURRENT_PROJECT_VERSION = 1;
				DEVELOPMENT_TEAM = 2PQ8675BM6;
				GENERATE_INFOPLIST_FILE = YES;
				INFOPLIST_FILE = FootballLeagueDemo/Resources/Info.plist;
				INFOPLIST_KEY_UIApplicationSupportsIndirectInputEvents = YES;
				INFOPLIST_KEY_UILaunchStoryboardName = LaunchScreen;
				INFOPLIST_KEY_UISupportedInterfaceOrientations = UIInterfaceOrientationPortrait;
				INFOPLIST_KEY_UISupportedInterfaceOrientations_iPad = "UIInterfaceOrientationPortrait UIInterfaceOrientationPortraitUpsideDown UIInterfaceOrientationLandscapeLeft UIInterfaceOrientationLandscapeRight";
				INFOPLIST_KEY_UISupportedInterfaceOrientations_iPhone = "UIInterfaceOrientationPortrait UIInterfaceOrientationLandscapeLeft UIInterfaceOrientationLandscapeRight";
				IPHONEOS_DEPLOYMENT_TARGET = 13.0;
				LD_RUNPATH_SEARCH_PATHS = (
					"$(inherited)",
					"@executable_path/Frameworks",
				);
				MARKETING_VERSION = 1.0;
				PRODUCT_BUNDLE_IDENTIFIER = denis.FootballLeagueDemo;
				PRODUCT_NAME = "$(TARGET_NAME)";
				SWIFT_EMIT_LOC_STRINGS = YES;
				SWIFT_VERSION = 5.0;
				TARGETED_DEVICE_FAMILY = 1;
			};
			name = Debug;
		};
		84AB2A1A28A299A00098365F /* Release */ = {
			isa = XCBuildConfiguration;
			buildSettings = {
				ASSETCATALOG_COMPILER_APPICON_NAME = AppIcon;
				ASSETCATALOG_COMPILER_GLOBAL_ACCENT_COLOR_NAME = AccentColor;
				CODE_SIGN_STYLE = Automatic;
				CURRENT_PROJECT_VERSION = 1;
				DEVELOPMENT_TEAM = 2PQ8675BM6;
				GENERATE_INFOPLIST_FILE = YES;
				INFOPLIST_FILE = FootballLeagueDemo/Resources/Info.plist;
				INFOPLIST_KEY_UIApplicationSupportsIndirectInputEvents = YES;
				INFOPLIST_KEY_UILaunchStoryboardName = LaunchScreen;
				INFOPLIST_KEY_UISupportedInterfaceOrientations = UIInterfaceOrientationPortrait;
				INFOPLIST_KEY_UISupportedInterfaceOrientations_iPad = "UIInterfaceOrientationPortrait UIInterfaceOrientationPortraitUpsideDown UIInterfaceOrientationLandscapeLeft UIInterfaceOrientationLandscapeRight";
				INFOPLIST_KEY_UISupportedInterfaceOrientations_iPhone = "UIInterfaceOrientationPortrait UIInterfaceOrientationLandscapeLeft UIInterfaceOrientationLandscapeRight";
				IPHONEOS_DEPLOYMENT_TARGET = 13.0;
				LD_RUNPATH_SEARCH_PATHS = (
					"$(inherited)",
					"@executable_path/Frameworks",
				);
				MARKETING_VERSION = 1.0;
				PRODUCT_BUNDLE_IDENTIFIER = denis.FootballLeagueDemo;
				PRODUCT_NAME = "$(TARGET_NAME)";
				SWIFT_EMIT_LOC_STRINGS = YES;
				SWIFT_VERSION = 5.0;
				TARGETED_DEVICE_FAMILY = 1;
			};
			name = Release;
		};
/* End XCBuildConfiguration section */

/* Begin XCConfigurationList section */
		84AB29FF28A2999E0098365F /* Build configuration list for PBXProject "FootballLeagueDemo" */ = {
			isa = XCConfigurationList;
			buildConfigurations = (
				84AB2A1628A299A00098365F /* Debug */,
				84AB2A1728A299A00098365F /* Release */,
			);
			defaultConfigurationIsVisible = 0;
			defaultConfigurationName = Release;
		};
		84AB2A1828A299A00098365F /* Build configuration list for PBXNativeTarget "FootballLeagueDemo" */ = {
			isa = XCConfigurationList;
			buildConfigurations = (
				84AB2A1928A299A00098365F /* Debug */,
				84AB2A1A28A299A00098365F /* Release */,
			);
			defaultConfigurationIsVisible = 0;
			defaultConfigurationName = Release;
		};
/* End XCConfigurationList section */
	};
	rootObject = 84AB29FC28A2999E0098365F /* Project object */;
}
